
Microsoft Visual Studio Solution File, Format Version 12.00
# Visual Studio Version 16
VisualStudioVersion = 16.0.29418.71
MinimumVisualStudioVersion = 10.0.40219.1
Project("{FAE04EC0-301F-11D3-BF4B-00C04F79EFBC}") = "DominoOnlineOrdering", "DominoOnlineOrdering\DominoOnlineOrdering.csproj", "{6C1DA312-79B7-42C2-B0AD-2F8A6F89D98E}"
EndProject
Global
	GlobalSection(SolutionConfigurationPlatforms) = preSolution
		Debug|Any CPU = Debug|Any CPU
		Release|Any CPU = Release|Any CPU
	EndGlobalSection
	GlobalSection(ProjectConfigurationPlatforms) = postSolution
		{6C1DA312-79B7-42C2-B0AD-2F8A6F89D98E}.Debug|Any CPU.ActiveCfg = Debug|Any CPU
		{6C1DA312-79B7-42C2-B0AD-2F8A6F89D98E}.Debug|Any CPU.Build.0 = Debug|Any CPU
		{6C1DA312-79B7-42C2-B0AD-2F8A6F89D98E}.Release|Any CPU.ActiveCfg = Release|Any CPU
		{6C1DA312-79B7-42C2-B0AD-2F8A6F89D98E}.Release|Any CPU.Build.0 = Release|Any CPU
	EndGlobalSection
	GlobalSection(SolutionProperties) = preSolution
		HideSolutionNode = FALSE
	EndGlobalSection
	GlobalSection(ExtensibilityGlobals) = postSolution
		SolutionGuid = {76323ED0-4CC5-456B-9409-47DA4D6B1FA1}
	EndGlobalSection
EndGlobal
